
Microsoft Visual Studio Solution File, Format Version 12.00
# Visual Studio 15
VisualStudioVersion = 15.0.27130.2024
MinimumVisualStudioVersion = 10.0.40219.1
Project("{FAE04EC0-301F-11D3-BF4B-00C04F79EFBC}") = "Common", "Common\Common.csproj", "{BE71356F-6EF3-4646-B662-9FEF58BAFA9F}"
EndProject
Project("{FAE04EC0-301F-11D3-BF4B-00C04F79EFBC}") = "Core", "Core\Core.csproj", "{778AF73C-D0B4-45B8-9C47-F08E0C95948F}"
EndProject
Project("{FAE04EC0-301F-11D3-BF4B-00C04F79EFBC}") = "Models", "Models\Models.csproj", "{B734A6CF-420F-4DFD-9159-1E2784B00D8F}"
EndProject
Project("{FAE04EC0-301F-11D3-BF4B-00C04F79EFBC}") = "ViewModels", "ViewModels\ViewModels.csproj", "{D7E5E19A-54B4-492C-8843-57A629CBBAA0}"
EndProject
Project("{FAE04EC0-301F-11D3-BF4B-00C04F79EFBC}") = "Web", "Web\Web.csproj", "{86D17E2F-A50E-481E-BCBF-A61A55A70D02}"
EndProject
Project("{2150E333-8FDC-42A3-9474-1A3956D46DE8}") = "Solution Items", "Solution Items", "{F9638EE0-5A3F-4BAC-B0CD-096888BD1640}"
	ProjectSection(SolutionItems) = preProject
		D:\Litra\Original\09.03.04_ПИ\09.03.04_ПОВТ_13-14_итог.plm.xlsx = D:\Litra\Original\09.03.04_ПИ\09.03.04_ПОВТ_13-14_итог.plm.xlsx
		D:\Litra\Original\09.04.04_ПИ\09.04.04 ПИ набор 2015 ФГОС3+ ПРИНЯТ 22.10.15.plm.xlsx = D:\Litra\Original\09.04.04_ПИ\09.04.04 ПИ набор 2015 ФГОС3+ ПРИНЯТ 22.10.15.plm.xlsx
		D:\Litra\Original\09.04.04_ПИ\09.04.04 ПИ набор 2015 ФГОС3+ ПРИНЯТ 22.10.15.plm.xml.xls = D:\Litra\Original\09.04.04_ПИ\09.04.04 ПИ набор 2015 ФГОС3+ ПРИНЯТ 22.10.15.plm.xml.xls
		WECr.dll = WECr.dll
	EndProjectSection
EndProject
Global
	GlobalSection(SolutionConfigurationPlatforms) = preSolution
		Debug|Any CPU = Debug|Any CPU
		Release|Any CPU = Release|Any CPU
	EndGlobalSection
	GlobalSection(ProjectConfigurationPlatforms) = postSolution
		{BE71356F-6EF3-4646-B662-9FEF58BAFA9F}.Debug|Any CPU.ActiveCfg = Debug|Any CPU
		{BE71356F-6EF3-4646-B662-9FEF58BAFA9F}.Debug|Any CPU.Build.0 = Debug|Any CPU
		{BE71356F-6EF3-4646-B662-9FEF58BAFA9F}.Release|Any CPU.ActiveCfg = Release|Any CPU
		{BE71356F-6EF3-4646-B662-9FEF58BAFA9F}.Release|Any CPU.Build.0 = Release|Any CPU
		{778AF73C-D0B4-45B8-9C47-F08E0C95948F}.Debug|Any CPU.ActiveCfg = Debug|Any CPU
		{778AF73C-D0B4-45B8-9C47-F08E0C95948F}.Debug|Any CPU.Build.0 = Debug|Any CPU
		{778AF73C-D0B4-45B8-9C47-F08E0C95948F}.Release|Any CPU.ActiveCfg = Release|Any CPU
		{778AF73C-D0B4-45B8-9C47-F08E0C95948F}.Release|Any CPU.Build.0 = Release|Any CPU
		{B734A6CF-420F-4DFD-9159-1E2784B00D8F}.Debug|Any CPU.ActiveCfg = Debug|Any CPU
		{B734A6CF-420F-4DFD-9159-1E2784B00D8F}.Debug|Any CPU.Build.0 = Debug|Any CPU
		{B734A6CF-420F-4DFD-9159-1E2784B00D8F}.Release|Any CPU.ActiveCfg = Release|Any CPU
		{B734A6CF-420F-4DFD-9159-1E2784B00D8F}.Release|Any CPU.Build.0 = Release|Any CPU
		{D7E5E19A-54B4-492C-8843-57A629CBBAA0}.Debug|Any CPU.ActiveCfg = Debug|Any CPU
		{D7E5E19A-54B4-492C-8843-57A629CBBAA0}.Debug|Any CPU.Build.0 = Debug|Any CPU
		{D7E5E19A-54B4-492C-8843-57A629CBBAA0}.Release|Any CPU.ActiveCfg = Release|Any CPU
		{D7E5E19A-54B4-492C-8843-57A629CBBAA0}.Release|Any CPU.Build.0 = Release|Any CPU
		{86D17E2F-A50E-481E-BCBF-A61A55A70D02}.Debug|Any CPU.ActiveCfg = Debug|Any CPU
		{86D17E2F-A50E-481E-BCBF-A61A55A70D02}.Debug|Any CPU.Build.0 = Debug|Any CPU
		{86D17E2F-A50E-481E-BCBF-A61A55A70D02}.Release|Any CPU.ActiveCfg = Release|Any CPU
		{86D17E2F-A50E-481E-BCBF-A61A55A70D02}.Release|Any CPU.Build.0 = Release|Any CPU
	EndGlobalSection
	GlobalSection(SolutionProperties) = preSolution
		HideSolutionNode = FALSE
	EndGlobalSection
	GlobalSection(ExtensibilityGlobals) = postSolution
		SolutionGuid = {4E6C61C3-0438-4DC5-AA1C-CA1775815782}
	EndGlobalSection
EndGlobal
